
Microsoft Visual Studio Solution File, Format Version 12.00
# Visual Studio Version 17
VisualStudioVersion = 17.4.33110.190
MinimumVisualStudioVersion = 10.0.40219.1
Project("{FAE04EC0-301F-11D3-BF4B-00C04F79EFBC}") = "ShopAPI", "ShopAPI\ShopAPI.csproj", "{FDEF0496-203B-45FB-8900-A5631A0E4EC9}"
EndProject
Global
	GlobalSection(SolutionConfigurationPlatforms) = preSolution
		Debug|Any CPU = Debug|Any CPU
		Release|Any CPU = Release|Any CPU
	EndGlobalSection
	GlobalSection(ProjectConfigurationPlatforms) = postSolution
		{FDEF0496-203B-45FB-8900-A5631A0E4EC9}.Debug|Any CPU.ActiveCfg = Debug|Any CPU
		{FDEF0496-203B-45FB-8900-A5631A0E4EC9}.Debug|Any CPU.Build.0 = Debug|Any CPU
		{FDEF0496-203B-45FB-8900-A5631A0E4EC9}.Release|Any CPU.ActiveCfg = Release|Any CPU
		{FDEF0496-203B-45FB-8900-A5631A0E4EC9}.Release|Any CPU.Build.0 = Release|Any CPU
	EndGlobalSection
	GlobalSection(SolutionProperties) = preSolution
		HideSolutionNode = FALSE
	EndGlobalSection
	GlobalSection(ExtensibilityGlobals) = postSolution
		SolutionGuid = {3A551D57-C6D3-4ABB-8C2B-40616B3B83F3}
	EndGlobalSection
EndGlobal
